// !$*UTF8*$!
{
	archiveVersion = 1;
	classes = {
	};
	objectVersion = 46;
	objects = {

/* Begin PBXBuildFile section */
		563C6DBE1C54C5FB00B0A843 /* OverlaySettingsViewController.swift in Sources */ = {isa = PBXBuildFile; fileRef = 563C6DBD1C54C5FB00B0A843 /* OverlaySettingsViewController.swift */; };
		5664EB851C5B3D7C008A4DE5 /* CVImageViewController.swift in Sources */ = {isa = PBXBuildFile; fileRef = 5664EB841C5B3D7C008A4DE5 /* CVImageViewController.swift */; };
		5664EB8A1C607710008A4DE5 /* ImageMatch.cpp in Sources */ = {isa = PBXBuildFile; fileRef = 5664EB881C607710008A4DE5 /* ImageMatch.cpp */; };
		567393681C40A39100EB1600 /* PlacementNavigatorTests.swift in Sources */ = {isa = PBXBuildFile; fileRef = 567393671C40A39100EB1600 /* PlacementNavigatorTests.swift */; };
		5673936A1C40A3BB00EB1600 /* PlacementNavigator.swift in Sources */ = {isa = PBXBuildFile; fileRef = 567393691C40A3BB00EB1600 /* PlacementNavigator.swift */; };
		5673936C1C45B6D600EB1600 /* Vector3.swift in Sources */ = {isa = PBXBuildFile; fileRef = 5673936B1C45B6D600EB1600 /* Vector3.swift */; };
		5673936E1C45BE8800EB1600 /* Vector3Tests.swift in Sources */ = {isa = PBXBuildFile; fileRef = 5673936D1C45BE8800EB1600 /* Vector3Tests.swift */; };
		567393701C471F9900EB1600 /* ConstantsConfig.swift in Sources */ = {isa = PBXBuildFile; fileRef = 5673936F1C471F9900EB1600 /* ConstantsConfig.swift */; };
		567BD58E1C59E8AB004E81DF /* opencv2.framework in Frameworks */ = {isa = PBXBuildFile; fileRef = 567BD58D1C59E8AB004E81DF /* opencv2.framework */; };
		567BD5941C59EA85004E81DF /* UIImage+Rotate.m in Sources */ = {isa = PBXBuildFile; fileRef = 567BD5911C59EA84004E81DF /* UIImage+Rotate.m */; };
		567BD5951C59EA85004E81DF /* UIImage+OpenCV.mm in Sources */ = {isa = PBXBuildFile; fileRef = 567BD5931C59EA84004E81DF /* UIImage+OpenCV.mm */; };
		567BD5991C59EC7C004E81DF /* CVWrapper.mm in Sources */ = {isa = PBXBuildFile; fileRef = 567BD5981C59EC7C004E81DF /* CVWrapper.mm */; };
		567BD59C1C59EEDE004E81DF /* stitching.cpp in Sources */ = {isa = PBXBuildFile; fileRef = 567BD59A1C59EEDE004E81DF /* stitching.cpp */; };
		568FC6B31C31CE8600D64FEA /* AppDelegate.swift in Sources */ = {isa = PBXBuildFile; fileRef = 568FC6B21C31CE8600D64FEA /* AppDelegate.swift */; };
		568FC6B51C31CE8600D64FEA /* ViewController.swift in Sources */ = {isa = PBXBuildFile; fileRef = 568FC6B41C31CE8600D64FEA /* ViewController.swift */; };
		568FC6B81C31CE8600D64FEA /* Main.storyboard in Resources */ = {isa = PBXBuildFile; fileRef = 568FC6B61C31CE8600D64FEA /* Main.storyboard */; };
		568FC6BA1C31CE8600D64FEA /* Assets.xcassets in Resources */ = {isa = PBXBuildFile; fileRef = 568FC6B91C31CE8600D64FEA /* Assets.xcassets */; };
		568FC6BD1C31CE8600D64FEA /* LaunchScreen.storyboard in Resources */ = {isa = PBXBuildFile; fileRef = 568FC6BB1C31CE8600D64FEA /* LaunchScreen.storyboard */; };
		568FC6C81C31CE8700D64FEA /* Camera1Tests.swift in Sources */ = {isa = PBXBuildFile; fileRef = 568FC6C71C31CE8700D64FEA /* Camera1Tests.swift */; };
		56C04F531C3C944900974F53 /* halfdome.jpg in Resources */ = {isa = PBXBuildFile; fileRef = 56C04F521C3C944900974F53 /* halfdome.jpg */; };
		56EFECF51C561AE100F9230F /* OverlayCell.swift in Sources */ = {isa = PBXBuildFile; fileRef = 56EFECF41C561AE100F9230F /* OverlayCell.swift */; };
		56EFECF71C57165700F9230F /* OverlayData.swift in Sources */ = {isa = PBXBuildFile; fileRef = 56EFECF61C57165700F9230F /* OverlayData.swift */; };
/* End PBXBuildFile section */

/* Begin PBXContainerItemProxy section */
		568FC6C41C31CE8700D64FEA /* PBXContainerItemProxy */ = {
			isa = PBXContainerItemProxy;
			containerPortal = 568FC6A71C31CE8600D64FEA /* Project object */;
			proxyType = 1;
			remoteGlobalIDString = 568FC6AE1C31CE8600D64FEA;
			remoteInfo = Camera1;
		};
/* End PBXContainerItemProxy section */

/* Begin PBXFileReference section */
		563C6DBD1C54C5FB00B0A843 /* OverlaySettingsViewController.swift */ = {isa = PBXFileReference; fileEncoding = 4; lastKnownFileType = sourcecode.swift; path = OverlaySettingsViewController.swift; sourceTree = "<group>"; };
		5664EB841C5B3D7C008A4DE5 /* CVImageViewController.swift */ = {isa = PBXFileReference; fileEncoding = 4; lastKnownFileType = sourcecode.swift; path = CVImageViewController.swift; sourceTree = "<group>"; };
		5664EB881C607710008A4DE5 /* ImageMatch.cpp */ = {isa = PBXFileReference; fileEncoding = 4; lastKnownFileType = sourcecode.cpp.cpp; path = ImageMatch.cpp; sourceTree = "<group>"; };
		5664EB891C607710008A4DE5 /* ImageMatch.hpp */ = {isa = PBXFileReference; fileEncoding = 4; lastKnownFileType = sourcecode.cpp.h; path = ImageMatch.hpp; sourceTree = "<group>"; };
		567393671C40A39100EB1600 /* PlacementNavigatorTests.swift */ = {isa = PBXFileReference; fileEncoding = 4; lastKnownFileType = sourcecode.swift; path = PlacementNavigatorTests.swift; sourceTree = "<group>"; };
		567393691C40A3BB00EB1600 /* PlacementNavigator.swift */ = {isa = PBXFileReference; fileEncoding = 4; lastKnownFileType = sourcecode.swift; path = PlacementNavigator.swift; sourceTree = "<group>"; };
		5673936B1C45B6D600EB1600 /* Vector3.swift */ = {isa = PBXFileReference; fileEncoding = 4; lastKnownFileType = sourcecode.swift; path = Vector3.swift; sourceTree = "<group>"; };
		5673936D1C45BE8800EB1600 /* Vector3Tests.swift */ = {isa = PBXFileReference; fileEncoding = 4; lastKnownFileType = sourcecode.swift; path = Vector3Tests.swift; sourceTree = "<group>"; };
		5673936F1C471F9900EB1600 /* ConstantsConfig.swift */ = {isa = PBXFileReference; fileEncoding = 4; lastKnownFileType = sourcecode.swift; path = ConstantsConfig.swift; sourceTree = "<group>"; };
		567BD58D1C59E8AB004E81DF /* opencv2.framework */ = {isa = PBXFileReference; lastKnownFileType = wrapper.framework; path = opencv2.framework; sourceTree = "<group>"; };
		567BD58F1C59EA84004E81DF /* Camera1-Bridging-Header.h */ = {isa = PBXFileReference; lastKnownFileType = sourcecode.c.h; path = "Camera1-Bridging-Header.h"; sourceTree = "<group>"; };
		567BD5901C59EA84004E81DF /* UIImage+Rotate.h */ = {isa = PBXFileReference; fileEncoding = 4; lastKnownFileType = sourcecode.c.h; path = "UIImage+Rotate.h"; sourceTree = "<group>"; };
		567BD5911C59EA84004E81DF /* UIImage+Rotate.m */ = {isa = PBXFileReference; fileEncoding = 4; lastKnownFileType = sourcecode.c.objc; path = "UIImage+Rotate.m"; sourceTree = "<group>"; };
		567BD5921C59EA84004E81DF /* UIImage+OpenCV.h */ = {isa = PBXFileReference; fileEncoding = 4; lastKnownFileType = sourcecode.c.h; path = "UIImage+OpenCV.h"; sourceTree = "<group>"; };
		567BD5931C59EA84004E81DF /* UIImage+OpenCV.mm */ = {isa = PBXFileReference; fileEncoding = 4; lastKnownFileType = sourcecode.cpp.objcpp; path = "UIImage+OpenCV.mm"; sourceTree = "<group>"; };
		567BD5971C59EC7C004E81DF /* CVWrapper.h */ = {isa = PBXFileReference; fileEncoding = 4; lastKnownFileType = sourcecode.c.h; path = CVWrapper.h; sourceTree = "<group>"; };
		567BD5981C59EC7C004E81DF /* CVWrapper.mm */ = {isa = PBXFileReference; fileEncoding = 4; lastKnownFileType = sourcecode.cpp.objcpp; path = CVWrapper.mm; sourceTree = "<group>"; };
		567BD59A1C59EEDE004E81DF /* stitching.cpp */ = {isa = PBXFileReference; fileEncoding = 4; lastKnownFileType = sourcecode.cpp.cpp; path = stitching.cpp; sourceTree = "<group>"; };
		567BD59B1C59EEDE004E81DF /* stitching.h */ = {isa = PBXFileReference; fileEncoding = 4; lastKnownFileType = sourcecode.c.h; path = stitching.h; sourceTree = "<group>"; };
		568FC6AF1C31CE8600D64FEA /* Camera1.app */ = {isa = PBXFileReference; explicitFileType = wrapper.application; includeInIndex = 0; path = Camera1.app; sourceTree = BUILT_PRODUCTS_DIR; };
		568FC6B21C31CE8600D64FEA /* AppDelegate.swift */ = {isa = PBXFileReference; lastKnownFileType = sourcecode.swift; path = AppDelegate.swift; sourceTree = "<group>"; };
		568FC6B41C31CE8600D64FEA /* ViewController.swift */ = {isa = PBXFileReference; lastKnownFileType = sourcecode.swift; path = ViewController.swift; sourceTree = "<group>"; };
		568FC6B71C31CE8600D64FEA /* Base */ = {isa = PBXFileReference; lastKnownFileType = file.storyboard; name = Base; path = Base.lproj/Main.storyboard; sourceTree = "<group>"; };
		568FC6B91C31CE8600D64FEA /* Assets.xcassets */ = {isa = PBXFileReference; lastKnownFileType = folder.assetcatalog; path = Assets.xcassets; sourceTree = "<group>"; };
		568FC6BC1C31CE8600D64FEA /* Base */ = {isa = PBXFileReference; lastKnownFileType = file.storyboard; name = Base; path = Base.lproj/LaunchScreen.storyboard; sourceTree = "<group>"; };
		568FC6BE1C31CE8600D64FEA /* Info.plist */ = {isa = PBXFileReference; lastKnownFileType = text.plist.xml; path = Info.plist; sourceTree = "<group>"; };
		568FC6C31C31CE8700D64FEA /* Camera1Tests.xctest */ = {isa = PBXFileReference; explicitFileType = wrapper.cfbundle; includeInIndex = 0; path = Camera1Tests.xctest; sourceTree = BUILT_PRODUCTS_DIR; };
		568FC6C71C31CE8700D64FEA /* Camera1Tests.swift */ = {isa = PBXFileReference; lastKnownFileType = sourcecode.swift; path = Camera1Tests.swift; sourceTree = "<group>"; };
		568FC6C91C31CE8700D64FEA /* Info.plist */ = {isa = PBXFileReference; lastKnownFileType = text.plist.xml; path = Info.plist; sourceTree = "<group>"; };
		56C04F521C3C944900974F53 /* halfdome.jpg */ = {isa = PBXFileReference; lastKnownFileType = image.jpeg; path = halfdome.jpg; sourceTree = "<group>"; };
		56EFECF41C561AE100F9230F /* OverlayCell.swift */ = {isa = PBXFileReference; fileEncoding = 4; lastKnownFileType = sourcecode.swift; path = OverlayCell.swift; sourceTree = "<group>"; };
		56EFECF61C57165700F9230F /* OverlayData.swift */ = {isa = PBXFileReference; fileEncoding = 4; lastKnownFileType = sourcecode.swift; path = OverlayData.swift; sourceTree = "<group>"; };
/* End PBXFileReference section */

/* Begin PBXFrameworksBuildPhase section */
		568FC6AC1C31CE8600D64FEA /* Frameworks */ = {
			isa = PBXFrameworksBuildPhase;
			buildActionMask = 2147483647;
			files = (
				567BD58E1C59E8AB004E81DF /* opencv2.framework in Frameworks */,
			);
			runOnlyForDeploymentPostprocessing = 0;
		};
		568FC6C01C31CE8700D64FEA /* Frameworks */ = {
			isa = PBXFrameworksBuildPhase;
			buildActionMask = 2147483647;
			files = (
			);
			runOnlyForDeploymentPostprocessing = 0;
		};
/* End PBXFrameworksBuildPhase section */

/* Begin PBXGroup section */
		5664EB8B1C607721008A4DE5 /* OpenCVFuncs */ = {
			isa = PBXGroup;
			children = (
				567BD59A1C59EEDE004E81DF /* stitching.cpp */,
				567BD59B1C59EEDE004E81DF /* stitching.h */,
				5664EB881C607710008A4DE5 /* ImageMatch.cpp */,
				5664EB891C607710008A4DE5 /* ImageMatch.hpp */,
			);
			name = OpenCVFuncs;
			sourceTree = "<group>";
		};
		567BD58B1C59E753004E81DF /* OverlaySettings */ = {
			isa = PBXGroup;
			children = (
				56EFECF61C57165700F9230F /* OverlayData.swift */,
				563C6DBD1C54C5FB00B0A843 /* OverlaySettingsViewController.swift */,
				56EFECF41C561AE100F9230F /* OverlayCell.swift */,
			);
			name = OverlaySettings;
			sourceTree = "<group>";
		};
		567BD58C1C59E770004E81DF /* Helpers */ = {
			isa = PBXGroup;
			children = (
				567393691C40A3BB00EB1600 /* PlacementNavigator.swift */,
				5673936F1C471F9900EB1600 /* ConstantsConfig.swift */,
				5673936B1C45B6D600EB1600 /* Vector3.swift */,
			);
			name = Helpers;
			sourceTree = "<group>";
		};
		567BD5961C59EAC3004E81DF /* UImage+CVMatrix */ = {
			isa = PBXGroup;
			children = (
				567BD5901C59EA84004E81DF /* UIImage+Rotate.h */,
				567BD5911C59EA84004E81DF /* UIImage+Rotate.m */,
				567BD5921C59EA84004E81DF /* UIImage+OpenCV.h */,
				567BD5931C59EA84004E81DF /* UIImage+OpenCV.mm */,
			);
			name = "UImage+CVMatrix";
			sourceTree = "<group>";
		};
		568FC6A61C31CE8600D64FEA = {
			isa = PBXGroup;
			children = (
				567BD58D1C59E8AB004E81DF /* opencv2.framework */,
				568FC6B11C31CE8600D64FEA /* Camera1 */,
				568FC6C61C31CE8700D64FEA /* Camera1Tests */,
				568FC6B01C31CE8600D64FEA /* Products */,
			);
			sourceTree = "<group>";
		};
		568FC6B01C31CE8600D64FEA /* Products */ = {
			isa = PBXGroup;
			children = (
				568FC6AF1C31CE8600D64FEA /* Camera1.app */,
				568FC6C31C31CE8700D64FEA /* Camera1Tests.xctest */,
			);
			name = Products;
			sourceTree = "<group>";
		};
		568FC6B11C31CE8600D64FEA /* Camera1 */ = {
			isa = PBXGroup;
			children = (
				567BD5961C59EAC3004E81DF /* UImage+CVMatrix */,
				56C04F521C3C944900974F53 /* halfdome.jpg */,
				568FC6B21C31CE8600D64FEA /* AppDelegate.swift */,
				568FC6B61C31CE8600D64FEA /* Main.storyboard */,
				568FC6B41C31CE8600D64FEA /* ViewController.swift */,
				568FC6B91C31CE8600D64FEA /* Assets.xcassets */,
				568FC6BB1C31CE8600D64FEA /* LaunchScreen.storyboard */,
				568FC6BE1C31CE8600D64FEA /* Info.plist */,
				567BD58C1C59E770004E81DF /* Helpers */,
				567BD58B1C59E753004E81DF /* OverlaySettings */,
				567BD58F1C59EA84004E81DF /* Camera1-Bridging-Header.h */,
				567BD5971C59EC7C004E81DF /* CVWrapper.h */,
				567BD5981C59EC7C004E81DF /* CVWrapper.mm */,
				5664EB8B1C607721008A4DE5 /* OpenCVFuncs */,
				5664EB841C5B3D7C008A4DE5 /* CVImageViewController.swift */,
			);
			path = Camera1;
			sourceTree = "<group>";
		};
		568FC6C61C31CE8700D64FEA /* Camera1Tests */ = {
			isa = PBXGroup;
			children = (
				568FC6C71C31CE8700D64FEA /* Camera1Tests.swift */,
				568FC6C91C31CE8700D64FEA /* Info.plist */,
				567393671C40A39100EB1600 /* PlacementNavigatorTests.swift */,
				5673936D1C45BE8800EB1600 /* Vector3Tests.swift */,
			);
			path = Camera1Tests;
			sourceTree = "<group>";
		};
/* End PBXGroup section */

/* Begin PBXNativeTarget section */
		568FC6AE1C31CE8600D64FEA /* Camera1 */ = {
			isa = PBXNativeTarget;
			buildConfigurationList = 568FC6CC1C31CE8700D64FEA /* Build configuration list for PBXNativeTarget "Camera1" */;
			buildPhases = (
				568FC6AB1C31CE8600D64FEA /* Sources */,
				568FC6AC1C31CE8600D64FEA /* Frameworks */,
				568FC6AD1C31CE8600D64FEA /* Resources */,
			);
			buildRules = (
			);
			dependencies = (
			);
			name = Camera1;
			productName = Camera1;
			productReference = 568FC6AF1C31CE8600D64FEA /* Camera1.app */;
			productType = "com.apple.product-type.application";
		};
		568FC6C21C31CE8700D64FEA /* Camera1Tests */ = {
			isa = PBXNativeTarget;
			buildConfigurationList = 568FC6CF1C31CE8700D64FEA /* Build configuration list for PBXNativeTarget "Camera1Tests" */;
			buildPhases = (
				568FC6BF1C31CE8700D64FEA /* Sources */,
				568FC6C01C31CE8700D64FEA /* Frameworks */,
				568FC6C11C31CE8700D64FEA /* Resources */,
			);
			buildRules = (
			);
			dependencies = (
				568FC6C51C31CE8700D64FEA /* PBXTargetDependency */,
			);
			name = Camera1Tests;
			productName = Camera1Tests;
			productReference = 568FC6C31C31CE8700D64FEA /* Camera1Tests.xctest */;
			productType = "com.apple.product-type.bundle.unit-test";
		};
/* End PBXNativeTarget section */

/* Begin PBXProject section */
		568FC6A71C31CE8600D64FEA /* Project object */ = {
			isa = PBXProject;
			attributes = {
				LastSwiftUpdateCheck = 0720;
				LastUpgradeCheck = 0720;
				ORGANIZATIONNAME = "Miguel Paysan";
				TargetAttributes = {
					568FC6AE1C31CE8600D64FEA = {
						CreatedOnToolsVersion = 7.2;
						DevelopmentTeam = 8U9GL9JNNQ;
					};
					568FC6C21C31CE8700D64FEA = {
						CreatedOnToolsVersion = 7.2;
						TestTargetID = 568FC6AE1C31CE8600D64FEA;
					};
				};
			};
			buildConfigurationList = 568FC6AA1C31CE8600D64FEA /* Build configuration list for PBXProject "Camera1" */;
			compatibilityVersion = "Xcode 3.2";
			developmentRegion = English;
			hasScannedForEncodings = 0;
			knownRegions = (
				en,
				Base,
			);
			mainGroup = 568FC6A61C31CE8600D64FEA;
			productRefGroup = 568FC6B01C31CE8600D64FEA /* Products */;
			projectDirPath = "";
			projectRoot = "";
			targets = (
				568FC6AE1C31CE8600D64FEA /* Camera1 */,
				568FC6C21C31CE8700D64FEA /* Camera1Tests */,
			);
		};
/* End PBXProject section */

/* Begin PBXResourcesBuildPhase section */
		568FC6AD1C31CE8600D64FEA /* Resources */ = {
			isa = PBXResourcesBuildPhase;
			buildActionMask = 2147483647;
			files = (
				568FC6BD1C31CE8600D64FEA /* LaunchScreen.storyboard in Resources */,
				568FC6BA1C31CE8600D64FEA /* Assets.xcassets in Resources */,
				568FC6B81C31CE8600D64FEA /* Main.storyboard in Resources */,
				56C04F531C3C944900974F53 /* halfdome.jpg in Resources */,
			);
			runOnlyForDeploymentPostprocessing = 0;
		};
		568FC6C11C31CE8700D64FEA /* Resources */ = {
			isa = PBXResourcesBuildPhase;
			buildActionMask = 2147483647;
			files = (
			);
			runOnlyForDeploymentPostprocessing = 0;
		};
/* End PBXResourcesBuildPhase section */

/* Begin PBXSourcesBuildPhase section */
		568FC6AB1C31CE8600D64FEA /* Sources */ = {
			isa = PBXSourcesBuildPhase;
			buildActionMask = 2147483647;
			files = (
				56EFECF71C57165700F9230F /* OverlayData.swift in Sources */,
				563C6DBE1C54C5FB00B0A843 /* OverlaySettingsViewController.swift in Sources */,
				56EFECF51C561AE100F9230F /* OverlayCell.swift in Sources */,
				568FC6B51C31CE8600D64FEA /* ViewController.swift in Sources */,
				567BD5951C59EA85004E81DF /* UIImage+OpenCV.mm in Sources */,
				568FC6B31C31CE8600D64FEA /* AppDelegate.swift in Sources */,
				5673936C1C45B6D600EB1600 /* Vector3.swift in Sources */,
				567393701C471F9900EB1600 /* ConstantsConfig.swift in Sources */,
				5664EB851C5B3D7C008A4DE5 /* CVImageViewController.swift in Sources */,
				567BD5991C59EC7C004E81DF /* CVWrapper.mm in Sources */,
				5673936A1C40A3BB00EB1600 /* PlacementNavigator.swift in Sources */,
				567BD5941C59EA85004E81DF /* UIImage+Rotate.m in Sources */,
				567BD59C1C59EEDE004E81DF /* stitching.cpp in Sources */,
				5664EB8A1C607710008A4DE5 /* ImageMatch.cpp in Sources */,
			);
			runOnlyForDeploymentPostprocessing = 0;
		};
		568FC6BF1C31CE8700D64FEA /* Sources */ = {
			isa = PBXSourcesBuildPhase;
			buildActionMask = 2147483647;
			files = (
				568FC6C81C31CE8700D64FEA /* Camera1Tests.swift in Sources */,
				567393681C40A39100EB1600 /* PlacementNavigatorTests.swift in Sources */,
				5673936E1C45BE8800EB1600 /* Vector3Tests.swift in Sources */,
			);
			runOnlyForDeploymentPostprocessing = 0;
		};
/* End PBXSourcesBuildPhase section */

/* Begin PBXTargetDependency section */
		568FC6C51C31CE8700D64FEA /* PBXTargetDependency */ = {
			isa = PBXTargetDependency;
			target = 568FC6AE1C31CE8600D64FEA /* Camera1 */;
			targetProxy = 568FC6C41C31CE8700D64FEA /* PBXContainerItemProxy */;
		};
/* End PBXTargetDependency section */

/* Begin PBXVariantGroup section */
		568FC6B61C31CE8600D64FEA /* Main.storyboard */ = {
			isa = PBXVariantGroup;
			children = (
				568FC6B71C31CE8600D64FEA /* Base */,
			);
			name = Main.storyboard;
			sourceTree = "<group>";
		};
		568FC6BB1C31CE8600D64FEA /* LaunchScreen.storyboard */ = {
			isa = PBXVariantGroup;
			children = (
				568FC6BC1C31CE8600D64FEA /* Base */,
			);
			name = LaunchScreen.storyboard;
			sourceTree = "<group>";
		};
/* End PBXVariantGroup section */

/* Begin XCBuildConfiguration section */
		568FC6CA1C31CE8700D64FEA /* Debug */ = {
			isa = XCBuildConfiguration;
			buildSettings = {
				ALWAYS_SEARCH_USER_PATHS = NO;
				CLANG_CXX_LANGUAGE_STANDARD = "gnu++0x";
				CLANG_CXX_LIBRARY = "libc++";
				CLANG_ENABLE_MODULES = YES;
				CLANG_ENABLE_OBJC_ARC = YES;
				CLANG_WARN_BOOL_CONVERSION = YES;
				CLANG_WARN_CONSTANT_CONVERSION = YES;
				CLANG_WARN_DIRECT_OBJC_ISA_USAGE = YES_ERROR;
				CLANG_WARN_EMPTY_BODY = YES;
				CLANG_WARN_ENUM_CONVERSION = YES;
				CLANG_WARN_INT_CONVERSION = YES;
				CLANG_WARN_OBJC_ROOT_CLASS = YES_ERROR;
				CLANG_WARN_UNREACHABLE_CODE = YES;
				CLANG_WARN__DUPLICATE_METHOD_MATCH = YES;
				"CODE_SIGN_IDENTITY[sdk=iphoneos*]" = "iPhone Developer";
				COPY_PHASE_STRIP = NO;
				DEBUG_INFORMATION_FORMAT = dwarf;
				ENABLE_BITCODE = NO;
				ENABLE_STRICT_OBJC_MSGSEND = YES;
				ENABLE_TESTABILITY = YES;
				GCC_C_LANGUAGE_STANDARD = gnu99;
				GCC_DYNAMIC_NO_PIC = NO;
				GCC_NO_COMMON_BLOCKS = YES;
				GCC_OPTIMIZATION_LEVEL = 0;
				GCC_PREPROCESSOR_DEFINITIONS = (
					"DEBUG=1",
					"$(inherited)",
				);
				GCC_WARN_64_TO_32_BIT_CONVERSION = YES;
				GCC_WARN_ABOUT_RETURN_TYPE = YES_ERROR;
				GCC_WARN_UNDECLARED_SELECTOR = YES;
				GCC_WARN_UNINITIALIZED_AUTOS = YES_AGGRESSIVE;
				GCC_WARN_UNUSED_FUNCTION = YES;
				GCC_WARN_UNUSED_VARIABLE = YES;
				IPHONEOS_DEPLOYMENT_TARGET = 9.2;
				MTL_ENABLE_DEBUG_INFO = YES;
				ONLY_ACTIVE_ARCH = YES;
				SDKROOT = iphoneos;
				SWIFT_OPTIMIZATION_LEVEL = "-Onone";
				TARGETED_DEVICE_FAMILY = "1,2";
			};
			name = Debug;
		};
		568FC6CB1C31CE8700D64FEA /* Release */ = {
			isa = XCBuildConfiguration;
			buildSettings = {
				ALWAYS_SEARCH_USER_PATHS = NO;
				CLANG_CXX_LANGUAGE_STANDARD = "gnu++0x";
				CLANG_CXX_LIBRARY = "libc++";
				CLANG_ENABLE_MODULES = YES;
				CLANG_ENABLE_OBJC_ARC = YES;
				CLANG_WARN_BOOL_CONVERSION = YES;
				CLANG_WARN_CONSTANT_CONVERSION = YES;
				CLANG_WARN_DIRECT_OBJC_ISA_USAGE = YES_ERROR;
				CLANG_WARN_EMPTY_BODY = YES;
				CLANG_WARN_ENUM_CONVERSION = YES;
				CLANG_WARN_INT_CONVERSION = YES;
				CLANG_WARN_OBJC_ROOT_CLASS = YES_ERROR;
				CLANG_WARN_UNREACHABLE_CODE = YES;
				CLANG_WARN__DUPLICATE_METHOD_MATCH = YES;
				"CODE_SIGN_IDENTITY[sdk=iphoneos*]" = "iPhone Developer";
				COPY_PHASE_STRIP = NO;
				DEBUG_INFORMATION_FORMAT = "dwarf-with-dsym";
				ENABLE_BITCODE = NO;
				ENABLE_NS_ASSERTIONS = NO;
				ENABLE_STRICT_OBJC_MSGSEND = YES;
				GCC_C_LANGUAGE_STANDARD = gnu99;
				GCC_NO_COMMON_BLOCKS = YES;
				GCC_WARN_64_TO_32_BIT_CONVERSION = YES;
				GCC_WARN_ABOUT_RETURN_TYPE = YES_ERROR;
				GCC_WARN_UNDECLARED_SELECTOR = YES;
				GCC_WARN_UNINITIALIZED_AUTOS = YES_AGGRESSIVE;
				GCC_WARN_UNUSED_FUNCTION = YES;
				GCC_WARN_UNUSED_VARIABLE = YES;
				IPHONEOS_DEPLOYMENT_TARGET = 9.2;
				MTL_ENABLE_DEBUG_INFO = NO;
				SDKROOT = iphoneos;
				TARGETED_DEVICE_FAMILY = "1,2";
				VALIDATE_PRODUCT = YES;
			};
			name = Release;
		};
		568FC6CD1C31CE8700D64FEA /* Debug */ = {
			isa = XCBuildConfiguration;
			buildSettings = {
				ASSETCATALOG_COMPILER_APPICON_NAME = AppIcon;
				CLANG_ENABLE_MODULES = YES;
				CODE_SIGN_IDENTITY = "iPhone Developer";
				"CODE_SIGN_IDENTITY[sdk=iphoneos*]" = "iPhone Developer";
				ENABLE_BITCODE = NO;
				FRAMEWORK_SEARCH_PATHS = (
					"$(inherited)",
					"$(PROJECT_DIR)",
				);
				INFOPLIST_FILE = Camera1/Info.plist;
				LD_RUNPATH_SEARCH_PATHS = "$(inherited) @executable_path/Frameworks";
				PRODUCT_BUNDLE_IDENTIFIER = UCSD.Camera1;
				PRODUCT_NAME = "$(TARGET_NAME)";
				PROVISIONING_PROFILE = "";
				SWIFT_OBJC_BRIDGING_HEADER = "Camera1/Camera1-Bridging-Header.h";
				SWIFT_OPTIMIZATION_LEVEL = "-Onone";
			};
			name = Debug;
		};
		568FC6CE1C31CE8700D64FEA /* Release */ = {
			isa = XCBuildConfiguration;
			buildSettings = {
				ASSETCATALOG_COMPILER_APPICON_NAME = AppIcon;
				CLANG_ENABLE_MODULES = YES;
				CODE_SIGN_IDENTITY = "iPhone Developer";
				"CODE_SIGN_IDENTITY[sdk=iphoneos*]" = "iPhone Developer";
				ENABLE_BITCODE = NO;
				FRAMEWORK_SEARCH_PATHS = (
					"$(inherited)",
					"$(PROJECT_DIR)",
				);
				INFOPLIST_FILE = Camera1/Info.plist;
				LD_RUNPATH_SEARCH_PATHS = "$(inherited) @executable_path/Frameworks";
				PRODUCT_BUNDLE_IDENTIFIER = UCSD.Camera1;
				PRODUCT_NAME = "$(TARGET_NAME)";
				PROVISIONING_PROFILE = "";
				SWIFT_OBJC_BRIDGING_HEADER = "Camera1/Camera1-Bridging-Header.h";
			};
			name = Release;
		};
		568FC6D01C31CE8700D64FEA /* Debug */ = {
			isa = XCBuildConfiguration;
			buildSettings = {
				BUNDLE_LOADER = "$(TEST_HOST)";
				INFOPLIST_FILE = Camera1Tests/Info.plist;
				LD_RUNPATH_SEARCH_PATHS = "$(inherited) @executable_path/Frameworks @loader_path/Frameworks";
				PRODUCT_BUNDLE_IDENTIFIER = UCSD.Camera1Tests;
				PRODUCT_NAME = "$(TARGET_NAME)";
				TEST_HOST = "$(BUILT_PRODUCTS_DIR)/Camera1.app/Camera1";
			};
			name = Debug;
		};
		568FC6D11C31CE8700D64FEA /* Release */ = {
			isa = XCBuildConfiguration;
			buildSettings = {
				BUNDLE_LOADER = "$(TEST_HOST)";
				INFOPLIST_FILE = Camera1Tests/Info.plist;
				LD_RUNPATH_SEARCH_PATHS = "$(inherited) @executable_path/Frameworks @loader_path/Frameworks";
				PRODUCT_BUNDLE_IDENTIFIER = UCSD.Camera1Tests;
				PRODUCT_NAME = "$(TARGET_NAME)";
				TEST_HOST = "$(BUILT_PRODUCTS_DIR)/Camera1.app/Camera1";
			};
			name = Release;
		};
/* End XCBuildConfiguration section */

/* Begin XCConfigurationList section */
		568FC6AA1C31CE8600D64FEA /* Build configuration list for PBXProject "Camera1" */ = {
			isa = XCConfigurationList;
			buildConfigurations = (
				568FC6CA1C31CE8700D64FEA /* Debug */,
				568FC6CB1C31CE8700D64FEA /* Release */,
			);
			defaultConfigurationIsVisible = 0;
			defaultConfigurationName = Release;
		};
		568FC6CC1C31CE8700D64FEA /* Build configuration list for PBXNativeTarget "Camera1" */ = {
			isa = XCConfigurationList;
			buildConfigurations = (
				568FC6CD1C31CE8700D64FEA /* Debug */,
				568FC6CE1C31CE8700D64FEA /* Release */,
			);
			defaultConfigurationIsVisible = 0;
			defaultConfigurationName = Release;
		};
		568FC6CF1C31CE8700D64FEA /* Build configuration list for PBXNativeTarget "Camera1Tests" */ = {
			isa = XCConfigurationList;
			buildConfigurations = (
				568FC6D01C31CE8700D64FEA /* Debug */,
				568FC6D11C31CE8700D64FEA /* Release */,
			);
			defaultConfigurationIsVisible = 0;
			defaultConfigurationName = Release;
		};
/* End XCConfigurationList section */
	};
	rootObject = 568FC6A71C31CE8600D64FEA /* Project object */;
}
